
Microsoft Visual Studio Solution File, Format Version 12.00
# Visual Studio Version 17
VisualStudioVersion = 17.12.35506.116
MinimumVisualStudioVersion = 10.0.40219.1
Project("{8BC9CEB8-8B4A-11D0-8D11-00A0C91BC942}") = "Task1", "Task1\Task1.vcxproj", "{3F9A6F8A-4D98-4283-9642-E62E1079F45C}"
EndProject
Project("{8BC9CEB8-8B4A-11D0-8D11-00A0C91BC942}") = "Масиви", "Масиви\Масиви.vcxproj", "{9A9EF286-1244-45E7-B715-B8B500A66F7B}"
EndProject
Project("{8BC9CEB8-8B4A-11D0-8D11-00A0C91BC942}") = "HW_3_Switch", "HW_3_Switch\HW_3_Switch.vcxproj", "{61349E1C-20D1-4D8F-92DF-FE8ACD0AC663}"
EndProject
Project("{8BC9CEB8-8B4A-11D0-8D11-00A0C91BC942}") = "FP_HW_07_Цикли", "FP_HW_07_Цикли\FP_HW_07_Цикли.vcxproj", "{1A56347A-B28C-46AF-A68B-78A6017A61E9}"
EndProject
Project("{8BC9CEB8-8B4A-11D0-8D11-00A0C91BC942}") = "FP_HW_07_Цикли_Additional", "FP_HW_07_Цикли_Additional\FP_HW_07_Цикли_Additional.vcxproj", "{6969714F-2287-4039-B1D0-236D23F20BD3}"
EndProject
Project("{8BC9CEB8-8B4A-11D0-8D11-00A0C91BC942}") = "PractFunc1", "PractFunc1\PractFunction1.vcxproj", "{837E904D-A074-4F2D-82B7-2BEB09A1209F}"
EndProject
Project("{8BC9CEB8-8B4A-11D0-8D11-00A0C91BC942}") = "Багатовимірні_Масиви", "Багатовимірні_Масиви\Багатовимірні_Масиви.vcxproj", "{1708B6A5-49DA-4D20-8B7A-1D15D391EA89}"
EndProject
Project("{8BC9CEB8-8B4A-11D0-8D11-00A0C91BC942}") = "Перевантажені функції. Передача масиву у функції", "Перевантажені функції. Передача масиву у функції\Перевантажені функції. Передача масиву у функції.vcxproj", "{9B2126EE-DE66-4EAA-A176-0762363AC8FD}"
EndProject
Project("{8BC9CEB8-8B4A-11D0-8D11-00A0C91BC942}") = "Shablony funktsii. Poshuk ta vporyadkuvannya", "Shablony funktsii. Poshuk ta vporyadkuvannya\Shablony funktsii. Poshuk ta vporyadkuvannya.vcxproj", "{7256802A-D8A0-46F6-9CB2-6323419BD2F4}"
EndProject
Project("{8BC9CEB8-8B4A-11D0-8D11-00A0C91BC942}") = "Sort_Recursion_Binary-Search", "Sort_Recursion_Binary-Search\Sort_Recursion_Binary-Search.vcxproj", "{6F01EF53-FFA1-42A3-8D16-51777E29524A}"
EndProject
Project("{8BC9CEB8-8B4A-11D0-8D11-00A0C91BC942}") = "pointers", "pointers_and_links\pointers_and_links.vcxproj", "{9B9AA675-ED42-4616-A4BE-F5FA48AED988}"
EndProject
Project("{8BC9CEB8-8B4A-11D0-8D11-00A0C91BC942}") = "Dynamic_memory", "Dynamic_memory\Dynamic_memory.vcxproj", "{F00573A5-D5D8-445F-AA03-4FCFF1DB1E7C}"
EndProject
Project("{8BC9CEB8-8B4A-11D0-8D11-00A0C91BC942}") = "Dynamic_arrays", "Dynamic_arrays\Dynamic_arrays.vcxproj", "{F752A0B3-566F-45A9-A4AC-DE4A085D1A4A}"
EndProject
Project("{8BC9CEB8-8B4A-11D0-8D11-00A0C91BC942}") = "Structs", "Structs\Structs.vcxproj", "{7B777944-D10C-4604-8746-D9F66D912919}"
EndProject
Project("{8BC9CEB8-8B4A-11D0-8D11-00A0C91BC942}") = "Structs_funtions", "Structs_funtions\Structs_funtions.vcxproj", "{B5EFA318-9F80-454A-9B70-05C6921CD316}"
EndProject
Project("{8BC9CEB8-8B4A-11D0-8D11-00A0C91BC942}") = "Vstup_do_oop", "Vstup_do_oop\Vstup_do_oop.vcxproj", "{966DFF8A-E901-4ABC-BA4D-626ADB5C9CCF}"
EndProject
Project("{8BC9CEB8-8B4A-11D0-8D11-00A0C91BC942}") = "Copy_constructor", "Copy_constructor\Copy_constructor.vcxproj", "{4235C222-50C4-49A1-A1B5-766FDD51BD67}"
EndProject
Project("{8BC9CEB8-8B4A-11D0-8D11-00A0C91BC942}") = "Inline_static", "Inline_static\Inline_static.vcxproj", "{30700D4A-BFAE-4DD3-9420-23313C45B19E}"
EndProject
Project("{8BC9CEB8-8B4A-11D0-8D11-00A0C91BC942}") = "Array", "Array\Array.vcxproj", "{09F8C51A-F28C-4EB7-95C8-665D5239E690}"
EndProject
Project("{8BC9CEB8-8B4A-11D0-8D11-00A0C91BC942}") = "OOP_overload_operator", "OOP_overload_operator\OOP_overload_operator.vcxproj", "{691136C6-A5A5-4E62-94A1-13D4CE2B21B4}"
EndProject
Project("{8BC9CEB8-8B4A-11D0-8D11-00A0C91BC942}") = "Overload_operators", "Overload_operators\Overload_operators.vcxproj", "{0AA0229D-6867-47E5-8DF2-08146391D85B}"
EndProject
Project("{8BC9CEB8-8B4A-11D0-8D11-00A0C91BC942}") = "Overload_data_types", "Overload_data_types\Overload_data_types.vcxproj", "{B9E6E3B0-2213-4A52-B013-2E53784C94C3}"
EndProject
Global
	GlobalSection(SolutionConfigurationPlatforms) = preSolution
		Debug|x64 = Debug|x64
		Debug|x86 = Debug|x86
		Release|x64 = Release|x64
		Release|x86 = Release|x86
	EndGlobalSection
	GlobalSection(ProjectConfigurationPlatforms) = postSolution
		{3F9A6F8A-4D98-4283-9642-E62E1079F45C}.Debug|x64.ActiveCfg = Debug|x64
		{3F9A6F8A-4D98-4283-9642-E62E1079F45C}.Debug|x64.Build.0 = Debug|x64
		{3F9A6F8A-4D98-4283-9642-E62E1079F45C}.Debug|x86.ActiveCfg = Debug|Win32
		{3F9A6F8A-4D98-4283-9642-E62E1079F45C}.Debug|x86.Build.0 = Debug|Win32
		{3F9A6F8A-4D98-4283-9642-E62E1079F45C}.Release|x64.ActiveCfg = Release|x64
		{3F9A6F8A-4D98-4283-9642-E62E1079F45C}.Release|x64.Build.0 = Release|x64
		{3F9A6F8A-4D98-4283-9642-E62E1079F45C}.Release|x86.ActiveCfg = Release|Win32
		{3F9A6F8A-4D98-4283-9642-E62E1079F45C}.Release|x86.Build.0 = Release|Win32
		{9A9EF286-1244-45E7-B715-B8B500A66F7B}.Debug|x64.ActiveCfg = Debug|x64
		{9A9EF286-1244-45E7-B715-B8B500A66F7B}.Debug|x64.Build.0 = Debug|x64
		{9A9EF286-1244-45E7-B715-B8B500A66F7B}.Debug|x86.ActiveCfg = Debug|Win32
		{9A9EF286-1244-45E7-B715-B8B500A66F7B}.Debug|x86.Build.0 = Debug|Win32
		{9A9EF286-1244-45E7-B715-B8B500A66F7B}.Release|x64.ActiveCfg = Release|x64
		{9A9EF286-1244-45E7-B715-B8B500A66F7B}.Release|x64.Build.0 = Release|x64
		{9A9EF286-1244-45E7-B715-B8B500A66F7B}.Release|x86.ActiveCfg = Release|Win32
		{9A9EF286-1244-45E7-B715-B8B500A66F7B}.Release|x86.Build.0 = Release|Win32
		{61349E1C-20D1-4D8F-92DF-FE8ACD0AC663}.Debug|x64.ActiveCfg = Debug|x64
		{61349E1C-20D1-4D8F-92DF-FE8ACD0AC663}.Debug|x64.Build.0 = Debug|x64
		{61349E1C-20D1-4D8F-92DF-FE8ACD0AC663}.Debug|x86.ActiveCfg = Debug|Win32
		{61349E1C-20D1-4D8F-92DF-FE8ACD0AC663}.Debug|x86.Build.0 = Debug|Win32
		{61349E1C-20D1-4D8F-92DF-FE8ACD0AC663}.Release|x64.ActiveCfg = Release|x64
		{61349E1C-20D1-4D8F-92DF-FE8ACD0AC663}.Release|x64.Build.0 = Release|x64
		{61349E1C-20D1-4D8F-92DF-FE8ACD0AC663}.Release|x86.ActiveCfg = Release|Win32
		{61349E1C-20D1-4D8F-92DF-FE8ACD0AC663}.Release|x86.Build.0 = Release|Win32
		{1A56347A-B28C-46AF-A68B-78A6017A61E9}.Debug|x64.ActiveCfg = Debug|x64
		{1A56347A-B28C-46AF-A68B-78A6017A61E9}.Debug|x64.Build.0 = Debug|x64
		{1A56347A-B28C-46AF-A68B-78A6017A61E9}.Debug|x86.ActiveCfg = Debug|Win32
		{1A56347A-B28C-46AF-A68B-78A6017A61E9}.Debug|x86.Build.0 = Debug|Win32
		{1A56347A-B28C-46AF-A68B-78A6017A61E9}.Release|x64.ActiveCfg = Release|x64
		{1A56347A-B28C-46AF-A68B-78A6017A61E9}.Release|x64.Build.0 = Release|x64
		{1A56347A-B28C-46AF-A68B-78A6017A61E9}.Release|x86.ActiveCfg = Release|Win32
		{1A56347A-B28C-46AF-A68B-78A6017A61E9}.Release|x86.Build.0 = Release|Win32
		{6969714F-2287-4039-B1D0-236D23F20BD3}.Debug|x64.ActiveCfg = Debug|x64
		{6969714F-2287-4039-B1D0-236D23F20BD3}.Debug|x64.Build.0 = Debug|x64
		{6969714F-2287-4039-B1D0-236D23F20BD3}.Debug|x86.ActiveCfg = Debug|Win32
		{6969714F-2287-4039-B1D0-236D23F20BD3}.Debug|x86.Build.0 = Debug|Win32
		{6969714F-2287-4039-B1D0-236D23F20BD3}.Release|x64.ActiveCfg = Release|x64
		{6969714F-2287-4039-B1D0-236D23F20BD3}.Release|x64.Build.0 = Release|x64
		{6969714F-2287-4039-B1D0-236D23F20BD3}.Release|x86.ActiveCfg = Release|Win32
		{6969714F-2287-4039-B1D0-236D23F20BD3}.Release|x86.Build.0 = Release|Win32
		{837E904D-A074-4F2D-82B7-2BEB09A1209F}.Debug|x64.ActiveCfg = Debug|x64
		{837E904D-A074-4F2D-82B7-2BEB09A1209F}.Debug|x64.Build.0 = Debug|x64
		{837E904D-A074-4F2D-82B7-2BEB09A1209F}.Debug|x86.ActiveCfg = Debug|Win32
		{837E904D-A074-4F2D-82B7-2BEB09A1209F}.Debug|x86.Build.0 = Debug|Win32
		{837E904D-A074-4F2D-82B7-2BEB09A1209F}.Release|x64.ActiveCfg = Release|x64
		{837E904D-A074-4F2D-82B7-2BEB09A1209F}.Release|x64.Build.0 = Release|x64
		{837E904D-A074-4F2D-82B7-2BEB09A1209F}.Release|x86.ActiveCfg = Release|Win32
		{837E904D-A074-4F2D-82B7-2BEB09A1209F}.Release|x86.Build.0 = Release|Win32
		{1708B6A5-49DA-4D20-8B7A-1D15D391EA89}.Debug|x64.ActiveCfg = Debug|x64
		{1708B6A5-49DA-4D20-8B7A-1D15D391EA89}.Debug|x64.Build.0 = Debug|x64
		{1708B6A5-49DA-4D20-8B7A-1D15D391EA89}.Debug|x86.ActiveCfg = Debug|Win32
		{1708B6A5-49DA-4D20-8B7A-1D15D391EA89}.Debug|x86.Build.0 = Debug|Win32
		{1708B6A5-49DA-4D20-8B7A-1D15D391EA89}.Release|x64.ActiveCfg = Release|x64
		{1708B6A5-49DA-4D20-8B7A-1D15D391EA89}.Release|x64.Build.0 = Release|x64
		{1708B6A5-49DA-4D20-8B7A-1D15D391EA89}.Release|x86.ActiveCfg = Release|Win32
		{1708B6A5-49DA-4D20-8B7A-1D15D391EA89}.Release|x86.Build.0 = Release|Win32
		{9B2126EE-DE66-4EAA-A176-0762363AC8FD}.Debug|x64.ActiveCfg = Debug|x64
		{9B2126EE-DE66-4EAA-A176-0762363AC8FD}.Debug|x64.Build.0 = Debug|x64
		{9B2126EE-DE66-4EAA-A176-0762363AC8FD}.Debug|x86.ActiveCfg = Debug|Win32
		{9B2126EE-DE66-4EAA-A176-0762363AC8FD}.Debug|x86.Build.0 = Debug|Win32
		{9B2126EE-DE66-4EAA-A176-0762363AC8FD}.Release|x64.ActiveCfg = Release|x64
		{9B2126EE-DE66-4EAA-A176-0762363AC8FD}.Release|x64.Build.0 = Release|x64
		{9B2126EE-DE66-4EAA-A176-0762363AC8FD}.Release|x86.ActiveCfg = Release|Win32
		{9B2126EE-DE66-4EAA-A176-0762363AC8FD}.Release|x86.Build.0 = Release|Win32
		{7256802A-D8A0-46F6-9CB2-6323419BD2F4}.Debug|x64.ActiveCfg = Debug|x64
		{7256802A-D8A0-46F6-9CB2-6323419BD2F4}.Debug|x64.Build.0 = Debug|x64
		{7256802A-D8A0-46F6-9CB2-6323419BD2F4}.Debug|x86.ActiveCfg = Debug|Win32
		{7256802A-D8A0-46F6-9CB2-6323419BD2F4}.Debug|x86.Build.0 = Debug|Win32
		{7256802A-D8A0-46F6-9CB2-6323419BD2F4}.Release|x64.ActiveCfg = Release|x64
		{7256802A-D8A0-46F6-9CB2-6323419BD2F4}.Release|x64.Build.0 = Release|x64
		{7256802A-D8A0-46F6-9CB2-6323419BD2F4}.Release|x86.ActiveCfg = Release|Win32
		{7256802A-D8A0-46F6-9CB2-6323419BD2F4}.Release|x86.Build.0 = Release|Win32
		{6F01EF53-FFA1-42A3-8D16-51777E29524A}.Debug|x64.ActiveCfg = Debug|x64
		{6F01EF53-FFA1-42A3-8D16-51777E29524A}.Debug|x64.Build.0 = Debug|x64
		{6F01EF53-FFA1-42A3-8D16-51777E29524A}.Debug|x86.ActiveCfg = Debug|Win32
		{6F01EF53-FFA1-42A3-8D16-51777E29524A}.Debug|x86.Build.0 = Debug|Win32
		{6F01EF53-FFA1-42A3-8D16-51777E29524A}.Release|x64.ActiveCfg = Release|x64
		{6F01EF53-FFA1-42A3-8D16-51777E29524A}.Release|x64.Build.0 = Release|x64
		{6F01EF53-FFA1-42A3-8D16-51777E29524A}.Release|x86.ActiveCfg = Release|Win32
		{6F01EF53-FFA1-42A3-8D16-51777E29524A}.Release|x86.Build.0 = Release|Win32
		{9B9AA675-ED42-4616-A4BE-F5FA48AED988}.Debug|x64.ActiveCfg = Debug|x64
		{9B9AA675-ED42-4616-A4BE-F5FA48AED988}.Debug|x64.Build.0 = Debug|x64
		{9B9AA675-ED42-4616-A4BE-F5FA48AED988}.Debug|x86.ActiveCfg = Debug|Win32
		{9B9AA675-ED42-4616-A4BE-F5FA48AED988}.Debug|x86.Build.0 = Debug|Win32
		{9B9AA675-ED42-4616-A4BE-F5FA48AED988}.Release|x64.ActiveCfg = Release|x64
		{9B9AA675-ED42-4616-A4BE-F5FA48AED988}.Release|x64.Build.0 = Release|x64
		{9B9AA675-ED42-4616-A4BE-F5FA48AED988}.Release|x86.ActiveCfg = Release|Win32
		{9B9AA675-ED42-4616-A4BE-F5FA48AED988}.Release|x86.Build.0 = Release|Win32
		{F00573A5-D5D8-445F-AA03-4FCFF1DB1E7C}.Debug|x64.ActiveCfg = Debug|x64
		{F00573A5-D5D8-445F-AA03-4FCFF1DB1E7C}.Debug|x64.Build.0 = Debug|x64
		{F00573A5-D5D8-445F-AA03-4FCFF1DB1E7C}.Debug|x86.ActiveCfg = Debug|Win32
		{F00573A5-D5D8-445F-AA03-4FCFF1DB1E7C}.Debug|x86.Build.0 = Debug|Win32
		{F00573A5-D5D8-445F-AA03-4FCFF1DB1E7C}.Release|x64.ActiveCfg = Release|x64
		{F00573A5-D5D8-445F-AA03-4FCFF1DB1E7C}.Release|x64.Build.0 = Release|x64
		{F00573A5-D5D8-445F-AA03-4FCFF1DB1E7C}.Release|x86.ActiveCfg = Release|Win32
		{F00573A5-D5D8-445F-AA03-4FCFF1DB1E7C}.Release|x86.Build.0 = Release|Win32
		{F752A0B3-566F-45A9-A4AC-DE4A085D1A4A}.Debug|x64.ActiveCfg = Debug|x64
		{F752A0B3-566F-45A9-A4AC-DE4A085D1A4A}.Debug|x64.Build.0 = Debug|x64
		{F752A0B3-566F-45A9-A4AC-DE4A085D1A4A}.Debug|x86.ActiveCfg = Debug|Win32
		{F752A0B3-566F-45A9-A4AC-DE4A085D1A4A}.Debug|x86.Build.0 = Debug|Win32
		{F752A0B3-566F-45A9-A4AC-DE4A085D1A4A}.Release|x64.ActiveCfg = Release|x64
		{F752A0B3-566F-45A9-A4AC-DE4A085D1A4A}.Release|x64.Build.0 = Release|x64
		{F752A0B3-566F-45A9-A4AC-DE4A085D1A4A}.Release|x86.ActiveCfg = Release|Win32
		{F752A0B3-566F-45A9-A4AC-DE4A085D1A4A}.Release|x86.Build.0 = Release|Win32
		{7B777944-D10C-4604-8746-D9F66D912919}.Debug|x64.ActiveCfg = Debug|x64
		{7B777944-D10C-4604-8746-D9F66D912919}.Debug|x64.Build.0 = Debug|x64
		{7B777944-D10C-4604-8746-D9F66D912919}.Debug|x86.ActiveCfg = Debug|Win32
		{7B777944-D10C-4604-8746-D9F66D912919}.Debug|x86.Build.0 = Debug|Win32
		{7B777944-D10C-4604-8746-D9F66D912919}.Release|x64.ActiveCfg = Release|x64
		{7B777944-D10C-4604-8746-D9F66D912919}.Release|x64.Build.0 = Release|x64
		{7B777944-D10C-4604-8746-D9F66D912919}.Release|x86.ActiveCfg = Release|Win32
		{7B777944-D10C-4604-8746-D9F66D912919}.Release|x86.Build.0 = Release|Win32
		{B5EFA318-9F80-454A-9B70-05C6921CD316}.Debug|x64.ActiveCfg = Debug|x64
		{B5EFA318-9F80-454A-9B70-05C6921CD316}.Debug|x64.Build.0 = Debug|x64
		{B5EFA318-9F80-454A-9B70-05C6921CD316}.Debug|x86.ActiveCfg = Debug|Win32
		{B5EFA318-9F80-454A-9B70-05C6921CD316}.Debug|x86.Build.0 = Debug|Win32
		{B5EFA318-9F80-454A-9B70-05C6921CD316}.Release|x64.ActiveCfg = Release|x64
		{B5EFA318-9F80-454A-9B70-05C6921CD316}.Release|x64.Build.0 = Release|x64
		{B5EFA318-9F80-454A-9B70-05C6921CD316}.Release|x86.ActiveCfg = Release|Win32
		{B5EFA318-9F80-454A-9B70-05C6921CD316}.Release|x86.Build.0 = Release|Win32
		{966DFF8A-E901-4ABC-BA4D-626ADB5C9CCF}.Debug|x64.ActiveCfg = Debug|x64
		{966DFF8A-E901-4ABC-BA4D-626ADB5C9CCF}.Debug|x64.Build.0 = Debug|x64
		{966DFF8A-E901-4ABC-BA4D-626ADB5C9CCF}.Debug|x86.ActiveCfg = Debug|Win32
		{966DFF8A-E901-4ABC-BA4D-626ADB5C9CCF}.Debug|x86.Build.0 = Debug|Win32
		{966DFF8A-E901-4ABC-BA4D-626ADB5C9CCF}.Release|x64.ActiveCfg = Release|x64
		{966DFF8A-E901-4ABC-BA4D-626ADB5C9CCF}.Release|x64.Build.0 = Release|x64
		{966DFF8A-E901-4ABC-BA4D-626ADB5C9CCF}.Release|x86.ActiveCfg = Release|Win32
		{966DFF8A-E901-4ABC-BA4D-626ADB5C9CCF}.Release|x86.Build.0 = Release|Win32
		{4235C222-50C4-49A1-A1B5-766FDD51BD67}.Debug|x64.ActiveCfg = Debug|x64
		{4235C222-50C4-49A1-A1B5-766FDD51BD67}.Debug|x64.Build.0 = Debug|x64
		{4235C222-50C4-49A1-A1B5-766FDD51BD67}.Debug|x86.ActiveCfg = Debug|Win32
		{4235C222-50C4-49A1-A1B5-766FDD51BD67}.Debug|x86.Build.0 = Debug|Win32
		{4235C222-50C4-49A1-A1B5-766FDD51BD67}.Release|x64.ActiveCfg = Release|x64
		{4235C222-50C4-49A1-A1B5-766FDD51BD67}.Release|x64.Build.0 = Release|x64
		{4235C222-50C4-49A1-A1B5-766FDD51BD67}.Release|x86.ActiveCfg = Release|Win32
		{4235C222-50C4-49A1-A1B5-766FDD51BD67}.Release|x86.Build.0 = Release|Win32
		{30700D4A-BFAE-4DD3-9420-23313C45B19E}.Debug|x64.ActiveCfg = Debug|x64
		{30700D4A-BFAE-4DD3-9420-23313C45B19E}.Debug|x64.Build.0 = Debug|x64
		{30700D4A-BFAE-4DD3-9420-23313C45B19E}.Debug|x86.ActiveCfg = Debug|Win32
		{30700D4A-BFAE-4DD3-9420-23313C45B19E}.Debug|x86.Build.0 = Debug|Win32
		{30700D4A-BFAE-4DD3-9420-23313C45B19E}.Release|x64.ActiveCfg = Release|x64
		{30700D4A-BFAE-4DD3-9420-23313C45B19E}.Release|x64.Build.0 = Release|x64
		{30700D4A-BFAE-4DD3-9420-23313C45B19E}.Release|x86.ActiveCfg = Release|Win32
		{30700D4A-BFAE-4DD3-9420-23313C45B19E}.Release|x86.Build.0 = Release|Win32
		{09F8C51A-F28C-4EB7-95C8-665D5239E690}.Debug|x64.ActiveCfg = Debug|x64
		{09F8C51A-F28C-4EB7-95C8-665D5239E690}.Debug|x64.Build.0 = Debug|x64
		{09F8C51A-F28C-4EB7-95C8-665D5239E690}.Debug|x86.ActiveCfg = Debug|Win32
		{09F8C51A-F28C-4EB7-95C8-665D5239E690}.Debug|x86.Build.0 = Debug|Win32
		{09F8C51A-F28C-4EB7-95C8-665D5239E690}.Release|x64.ActiveCfg = Release|x64
		{09F8C51A-F28C-4EB7-95C8-665D5239E690}.Release|x64.Build.0 = Release|x64
		{09F8C51A-F28C-4EB7-95C8-665D5239E690}.Release|x86.ActiveCfg = Release|Win32
		{09F8C51A-F28C-4EB7-95C8-665D5239E690}.Release|x86.Build.0 = Release|Win32
		{691136C6-A5A5-4E62-94A1-13D4CE2B21B4}.Debug|x64.ActiveCfg = Debug|x64
		{691136C6-A5A5-4E62-94A1-13D4CE2B21B4}.Debug|x64.Build.0 = Debug|x64
		{691136C6-A5A5-4E62-94A1-13D4CE2B21B4}.Debug|x86.ActiveCfg = Debug|Win32
		{691136C6-A5A5-4E62-94A1-13D4CE2B21B4}.Debug|x86.Build.0 = Debug|Win32
		{691136C6-A5A5-4E62-94A1-13D4CE2B21B4}.Release|x64.ActiveCfg = Release|x64
		{691136C6-A5A5-4E62-94A1-13D4CE2B21B4}.Release|x64.Build.0 = Release|x64
		{691136C6-A5A5-4E62-94A1-13D4CE2B21B4}.Release|x86.ActiveCfg = Release|Win32
		{691136C6-A5A5-4E62-94A1-13D4CE2B21B4}.Release|x86.Build.0 = Release|Win32
		{0AA0229D-6867-47E5-8DF2-08146391D85B}.Debug|x64.ActiveCfg = Debug|x64
		{0AA0229D-6867-47E5-8DF2-08146391D85B}.Debug|x64.Build.0 = Debug|x64
		{0AA0229D-6867-47E5-8DF2-08146391D85B}.Debug|x86.ActiveCfg = Debug|Win32
		{0AA0229D-6867-47E5-8DF2-08146391D85B}.Debug|x86.Build.0 = Debug|Win32
		{0AA0229D-6867-47E5-8DF2-08146391D85B}.Release|x64.ActiveCfg = Release|x64
		{0AA0229D-6867-47E5-8DF2-08146391D85B}.Release|x64.Build.0 = Release|x64
		{0AA0229D-6867-47E5-8DF2-08146391D85B}.Release|x86.ActiveCfg = Release|Win32
		{0AA0229D-6867-47E5-8DF2-08146391D85B}.Release|x86.Build.0 = Release|Win32
		{B9E6E3B0-2213-4A52-B013-2E53784C94C3}.Debug|x64.ActiveCfg = Debug|x64
		{B9E6E3B0-2213-4A52-B013-2E53784C94C3}.Debug|x64.Build.0 = Debug|x64
		{B9E6E3B0-2213-4A52-B013-2E53784C94C3}.Debug|x86.ActiveCfg = Debug|Win32
		{B9E6E3B0-2213-4A52-B013-2E53784C94C3}.Debug|x86.Build.0 = Debug|Win32
		{B9E6E3B0-2213-4A52-B013-2E53784C94C3}.Release|x64.ActiveCfg = Release|x64
		{B9E6E3B0-2213-4A52-B013-2E53784C94C3}.Release|x64.Build.0 = Release|x64
		{B9E6E3B0-2213-4A52-B013-2E53784C94C3}.Release|x86.ActiveCfg = Release|Win32
		{B9E6E3B0-2213-4A52-B013-2E53784C94C3}.Release|x86.Build.0 = Release|Win32
	EndGlobalSection
	GlobalSection(SolutionProperties) = preSolution
		HideSolutionNode = FALSE
	EndGlobalSection
	GlobalSection(ExtensibilityGlobals) = postSolution
		SolutionGuid = {46BA284D-6725-4A8E-8436-A99A3AD0E896}
	EndGlobalSection
EndGlobal
